// !$*UTF8*$!
{
	archiveVersion = 1;
	classes = {
	};
	objectVersion = 51;
	objects = {

/* Begin PBXBuildFile section */
		C4079A9522DEC3CC00CA72B5 /* RegisterViewController.swift in Sources */ = {isa = PBXBuildFile; fileRef = C4079A9422DEC3CC00CA72B5 /* RegisterViewController.swift */; };
		C413719B22D9AFBF00EA646B /* AppDelegate.swift in Sources */ = {isa = PBXBuildFile; fileRef = C413719A22D9AFBF00EA646B /* AppDelegate.swift */; };
		C413719D22D9AFBF00EA646B /* LogInViewController.swift in Sources */ = {isa = PBXBuildFile; fileRef = C413719C22D9AFBF00EA646B /* LogInViewController.swift */; };
		C41371A022D9AFBF00EA646B /* Main.storyboard in Resources */ = {isa = PBXBuildFile; fileRef = C413719E22D9AFBF00EA646B /* Main.storyboard */; };
		C41371A222D9AFC000EA646B /* Assets.xcassets in Resources */ = {isa = PBXBuildFile; fileRef = C41371A122D9AFC000EA646B /* Assets.xcassets */; };
		C41371A522D9AFC000EA646B /* LaunchScreen.storyboard in Resources */ = {isa = PBXBuildFile; fileRef = C41371A322D9AFC000EA646B /* LaunchScreen.storyboard */; };
		C41371B122DA9AA200EA646B /* GoogleService-Info.plist in Resources */ = {isa = PBXBuildFile; fileRef = C41371B022DA9AA200EA646B /* GoogleService-Info.plist */; };
		C4F31D0D22EC2E1900C25B70 /* profileData.swift in Sources */ = {isa = PBXBuildFile; fileRef = C4F31D0C22EC2E1900C25B70 /* profileData.swift */; };
		DF15000BE9D04DFFAD658498 /* Pods_MediaMine.framework in Frameworks */ = {isa = PBXBuildFile; fileRef = F384711C404C4AAF679F8E32 /* Pods_MediaMine.framework */; };
		E17754DE22EA0E1C00FC2126 /* Validator.swift in Sources */ = {isa = PBXBuildFile; fileRef = E17754DD22EA0E1C00FC2126 /* Validator.swift */; };
		E17754E022EA16C500FC2126 /* DashboardViewController.swift in Sources */ = {isa = PBXBuildFile; fileRef = E17754DF22EA16C400FC2126 /* DashboardViewController.swift */; };
		E17754E422EA536F00FC2126 /* SearchViewController.swift in Sources */ = {isa = PBXBuildFile; fileRef = E17754E322EA536F00FC2126 /* SearchViewController.swift */; };
		E17754E622EA764E00FC2126 /* CompanyViewController.swift in Sources */ = {isa = PBXBuildFile; fileRef = E17754E522EA764D00FC2126 /* CompanyViewController.swift */; };
		E17754E822EB5EED00FC2126 /* PostViewController.swift in Sources */ = {isa = PBXBuildFile; fileRef = E17754E722EB5EED00FC2126 /* PostViewController.swift */; };
		E1CE2BC722FA0556006B4D0E /* CompanyViewRow.swift in Sources */ = {isa = PBXBuildFile; fileRef = E1CE2BC622FA0556006B4D0E /* CompanyViewRow.swift */; };
		E1CE2BC922FA89DB006B4D0E /* PostViewData.swift in Sources */ = {isa = PBXBuildFile; fileRef = E1CE2BC822FA89DB006B4D0E /* PostViewData.swift */; };
/* End PBXBuildFile section */

/* Begin PBXFileReference section */
		01C1FBFB586289A08DF151FB /* Pods-MediaMine.release.xcconfig */ = {isa = PBXFileReference; includeInIndex = 1; lastKnownFileType = text.xcconfig; name = "Pods-MediaMine.release.xcconfig"; path = "Target Support Files/Pods-MediaMine/Pods-MediaMine.release.xcconfig"; sourceTree = "<group>"; };
		C4079A9422DEC3CC00CA72B5 /* RegisterViewController.swift */ = {isa = PBXFileReference; lastKnownFileType = sourcecode.swift; path = RegisterViewController.swift; sourceTree = "<group>"; };
		C413719722D9AFBF00EA646B /* MediaMine.app */ = {isa = PBXFileReference; explicitFileType = wrapper.application; includeInIndex = 0; path = MediaMine.app; sourceTree = BUILT_PRODUCTS_DIR; };
		C413719A22D9AFBF00EA646B /* AppDelegate.swift */ = {isa = PBXFileReference; lastKnownFileType = sourcecode.swift; path = AppDelegate.swift; sourceTree = "<group>"; };
		C413719C22D9AFBF00EA646B /* LogInViewController.swift */ = {isa = PBXFileReference; lastKnownFileType = sourcecode.swift; path = LogInViewController.swift; sourceTree = "<group>"; };
		C413719F22D9AFBF00EA646B /* Base */ = {isa = PBXFileReference; lastKnownFileType = file.storyboard; name = Base; path = Base.lproj/Main.storyboard; sourceTree = "<group>"; };
		C41371A122D9AFC000EA646B /* Assets.xcassets */ = {isa = PBXFileReference; lastKnownFileType = folder.assetcatalog; path = Assets.xcassets; sourceTree = "<group>"; };
		C41371A422D9AFC000EA646B /* Base */ = {isa = PBXFileReference; lastKnownFileType = file.storyboard; name = Base; path = Base.lproj/LaunchScreen.storyboard; sourceTree = "<group>"; };
		C41371A622D9AFC000EA646B /* Info.plist */ = {isa = PBXFileReference; lastKnownFileType = text.plist.xml; path = Info.plist; sourceTree = "<group>"; };
		C41371B022DA9AA200EA646B /* GoogleService-Info.plist */ = {isa = PBXFileReference; fileEncoding = 4; lastKnownFileType = text.plist.xml; path = "GoogleService-Info.plist"; sourceTree = "<group>"; };
		C4F31D0C22EC2E1900C25B70 /* profileData.swift */ = {isa = PBXFileReference; lastKnownFileType = sourcecode.swift; path = profileData.swift; sourceTree = "<group>"; };
		CBF855A0AF00B1D7927D772A /* Pods-MediaMine.debug.xcconfig */ = {isa = PBXFileReference; includeInIndex = 1; lastKnownFileType = text.xcconfig; name = "Pods-MediaMine.debug.xcconfig"; path = "Target Support Files/Pods-MediaMine/Pods-MediaMine.debug.xcconfig"; sourceTree = "<group>"; };
		E17754DD22EA0E1C00FC2126 /* Validator.swift */ = {isa = PBXFileReference; lastKnownFileType = sourcecode.swift; path = Validator.swift; sourceTree = "<group>"; };
		E17754DF22EA16C400FC2126 /* DashboardViewController.swift */ = {isa = PBXFileReference; lastKnownFileType = sourcecode.swift; path = DashboardViewController.swift; sourceTree = "<group>"; };
		E17754E322EA536F00FC2126 /* SearchViewController.swift */ = {isa = PBXFileReference; lastKnownFileType = sourcecode.swift; path = SearchViewController.swift; sourceTree = "<group>"; };
		E17754E522EA764D00FC2126 /* CompanyViewController.swift */ = {isa = PBXFileReference; lastKnownFileType = sourcecode.swift; path = CompanyViewController.swift; sourceTree = "<group>"; };
		E17754E722EB5EED00FC2126 /* PostViewController.swift */ = {isa = PBXFileReference; lastKnownFileType = sourcecode.swift; path = PostViewController.swift; sourceTree = "<group>"; };
		E1CE2BC622FA0556006B4D0E /* CompanyViewRow.swift */ = {isa = PBXFileReference; lastKnownFileType = sourcecode.swift; path = CompanyViewRow.swift; sourceTree = "<group>"; };
		E1CE2BC822FA89DB006B4D0E /* PostViewData.swift */ = {isa = PBXFileReference; lastKnownFileType = sourcecode.swift; path = PostViewData.swift; sourceTree = "<group>"; };
		F384711C404C4AAF679F8E32 /* Pods_MediaMine.framework */ = {isa = PBXFileReference; explicitFileType = wrapper.framework; includeInIndex = 0; path = Pods_MediaMine.framework; sourceTree = BUILT_PRODUCTS_DIR; };
/* End PBXFileReference section */

/* Begin PBXFrameworksBuildPhase section */
		C413719422D9AFBF00EA646B /* Frameworks */ = {
			isa = PBXFrameworksBuildPhase;
			buildActionMask = 2147483647;
			files = (
				DF15000BE9D04DFFAD658498 /* Pods_MediaMine.framework in Frameworks */,
			);
			runOnlyForDeploymentPostprocessing = 0;
		};
/* End PBXFrameworksBuildPhase section */

/* Begin PBXGroup section */
		862F6F5886FE189A732266CD /* Pods */ = {
			isa = PBXGroup;
			children = (
				CBF855A0AF00B1D7927D772A /* Pods-MediaMine.debug.xcconfig */,
				01C1FBFB586289A08DF151FB /* Pods-MediaMine.release.xcconfig */,
			);
			path = Pods;
			sourceTree = "<group>";
		};
		C413718E22D9AFBF00EA646B = {
			isa = PBXGroup;
			children = (
				C413719922D9AFBF00EA646B /* MediaMine */,
				C413719822D9AFBF00EA646B /* Products */,
				862F6F5886FE189A732266CD /* Pods */,
				FBA96C1D87EFE0BAB15DA709 /* Frameworks */,
			);
			sourceTree = "<group>";
		};
		C413719822D9AFBF00EA646B /* Products */ = {
			isa = PBXGroup;
			children = (
				C413719722D9AFBF00EA646B /* MediaMine.app */,
			);
			name = Products;
			sourceTree = "<group>";
		};
		C413719922D9AFBF00EA646B /* MediaMine */ = {
			isa = PBXGroup;
			children = (
				C41371AC22D9B10300EA646B /* Model */,
				C41371AD22D9B31400EA646B /* View */,
				C41371AE22D9B31C00EA646B /* Controller */,
				C41371AF22D9B37200EA646B /* Supporting Files */,
			);
			path = MediaMine;
			sourceTree = "<group>";
		};
		C41371AC22D9B10300EA646B /* Model */ = {
			isa = PBXGroup;
			children = (
				E17754DD22EA0E1C00FC2126 /* Validator.swift */,
				C4F31D0C22EC2E1900C25B70 /* profileData.swift */,
				E1CE2BC622FA0556006B4D0E /* CompanyViewRow.swift */,
				E1CE2BC822FA89DB006B4D0E /* PostViewData.swift */,
			);
			path = Model;
			sourceTree = "<group>";
		};
		C41371AD22D9B31400EA646B /* View */ = {
			isa = PBXGroup;
			children = (
				C413719E22D9AFBF00EA646B /* Main.storyboard */,
				C41371A322D9AFC000EA646B /* LaunchScreen.storyboard */,
			);
			path = View;
			sourceTree = "<group>";
		};
		C41371AE22D9B31C00EA646B /* Controller */ = {
			isa = PBXGroup;
			children = (
				C413719C22D9AFBF00EA646B /* LogInViewController.swift */,
				C4079A9422DEC3CC00CA72B5 /* RegisterViewController.swift */,
				C413719A22D9AFBF00EA646B /* AppDelegate.swift */,
				E17754DF22EA16C400FC2126 /* DashboardViewController.swift */,
				E17754E322EA536F00FC2126 /* SearchViewController.swift */,
				E17754E522EA764D00FC2126 /* CompanyViewController.swift */,
				E17754E722EB5EED00FC2126 /* PostViewController.swift */,
			);
			path = Controller;
			sourceTree = "<group>";
		};
		C41371AF22D9B37200EA646B /* Supporting Files */ = {
			isa = PBXGroup;
			children = (
				C41371A122D9AFC000EA646B /* Assets.xcassets */,
				C41371A622D9AFC000EA646B /* Info.plist */,
				C41371B022DA9AA200EA646B /* GoogleService-Info.plist */,
			);
			path = "Supporting Files";
			sourceTree = "<group>";
		};
		FBA96C1D87EFE0BAB15DA709 /* Frameworks */ = {
			isa = PBXGroup;
			children = (
				F384711C404C4AAF679F8E32 /* Pods_MediaMine.framework */,
			);
			name = Frameworks;
			sourceTree = "<group>";
		};
/* End PBXGroup section */

/* Begin PBXNativeTarget section */
		C413719622D9AFBF00EA646B /* MediaMine */ = {
			isa = PBXNativeTarget;
			buildConfigurationList = C41371A922D9AFC000EA646B /* Build configuration list for PBXNativeTarget "MediaMine" */;
			buildPhases = (
				EB386425EC66F415DF8E2C0F /* [CP] Check Pods Manifest.lock */,
				C413719322D9AFBF00EA646B /* Sources */,
				C413719422D9AFBF00EA646B /* Frameworks */,
				C413719522D9AFBF00EA646B /* Resources */,
				A7EFD797164BEA6BBBE5442A /* [CP] Embed Pods Frameworks */,
			);
			buildRules = (
			);
			dependencies = (
			);
			name = MediaMine;
			productName = MediaMine;
			productReference = C413719722D9AFBF00EA646B /* MediaMine.app */;
			productType = "com.apple.product-type.application";
		};
/* End PBXNativeTarget section */

/* Begin PBXProject section */
		C413718F22D9AFBF00EA646B /* Project object */ = {
			isa = PBXProject;
			attributes = {
				LastSwiftUpdateCheck = 1020;
				LastUpgradeCheck = 1020;
				ORGANIZATIONNAME = "Christopher Chu";
				TargetAttributes = {
					C413719622D9AFBF00EA646B = {
						CreatedOnToolsVersion = 10.2.1;
					};
				};
			};
			buildConfigurationList = C413719222D9AFBF00EA646B /* Build configuration list for PBXProject "MediaMine" */;
			compatibilityVersion = "Xcode 9.3";
			developmentRegion = en;
			hasScannedForEncodings = 0;
			knownRegions = (
				en,
				Base,
			);
			mainGroup = C413718E22D9AFBF00EA646B;
			productRefGroup = C413719822D9AFBF00EA646B /* Products */;
			projectDirPath = "";
			projectRoot = "";
			targets = (
				C413719622D9AFBF00EA646B /* MediaMine */,
			);
		};
/* End PBXProject section */

/* Begin PBXResourcesBuildPhase section */
		C413719522D9AFBF00EA646B /* Resources */ = {
			isa = PBXResourcesBuildPhase;
			buildActionMask = 2147483647;
			files = (
				C41371A522D9AFC000EA646B /* LaunchScreen.storyboard in Resources */,
				C41371A222D9AFC000EA646B /* Assets.xcassets in Resources */,
				C41371A022D9AFBF00EA646B /* Main.storyboard in Resources */,
				C41371B122DA9AA200EA646B /* GoogleService-Info.plist in Resources */,
			);
			runOnlyForDeploymentPostprocessing = 0;
		};
/* End PBXResourcesBuildPhase section */

/* Begin PBXShellScriptBuildPhase section */
		A7EFD797164BEA6BBBE5442A /* [CP] Embed Pods Frameworks */ = {
			isa = PBXShellScriptBuildPhase;
			buildActionMask = 2147483647;
			files = (
			);
			inputFileListPaths = (
				"${PODS_ROOT}/Target Support Files/Pods-MediaMine/Pods-MediaMine-frameworks-${CONFIGURATION}-input-files.xcfilelist",
			);
			name = "[CP] Embed Pods Frameworks";
			outputFileListPaths = (
				"${PODS_ROOT}/Target Support Files/Pods-MediaMine/Pods-MediaMine-frameworks-${CONFIGURATION}-output-files.xcfilelist",
			);
			runOnlyForDeploymentPostprocessing = 0;
			shellPath = /bin/sh;
			shellScript = "\"${PODS_ROOT}/Target Support Files/Pods-MediaMine/Pods-MediaMine-frameworks.sh\"\n";
			showEnvVarsInLog = 0;
		};
		EB386425EC66F415DF8E2C0F /* [CP] Check Pods Manifest.lock */ = {
			isa = PBXShellScriptBuildPhase;
			buildActionMask = 2147483647;
			files = (
			);
			inputFileListPaths = (
			);
			inputPaths = (
				"${PODS_PODFILE_DIR_PATH}/Podfile.lock",
				"${PODS_ROOT}/Manifest.lock",
			);
			name = "[CP] Check Pods Manifest.lock";
			outputFileListPaths = (
			);
			outputPaths = (
				"$(DERIVED_FILE_DIR)/Pods-MediaMine-checkManifestLockResult.txt",
			);
			runOnlyForDeploymentPostprocessing = 0;
			shellPath = /bin/sh;
			shellScript = "diff \"${PODS_PODFILE_DIR_PATH}/Podfile.lock\" \"${PODS_ROOT}/Manifest.lock\" > /dev/null\nif [ $? != 0 ] ; then\n    # print error to STDERR\n    echo \"error: The sandbox is not in sync with the Podfile.lock. Run 'pod install' or update your CocoaPods installation.\" >&2\n    exit 1\nfi\n# This output is used by Xcode 'outputs' to avoid re-running this script phase.\necho \"SUCCESS\" > \"${SCRIPT_OUTPUT_FILE_0}\"\n";
			showEnvVarsInLog = 0;
		};
/* End PBXShellScriptBuildPhase section */

/* Begin PBXSourcesBuildPhase section */
		C413719322D9AFBF00EA646B /* Sources */ = {
			isa = PBXSourcesBuildPhase;
			buildActionMask = 2147483647;
			files = (
				C4F31D0D22EC2E1900C25B70 /* profileData.swift in Sources */,
				E1CE2BC922FA89DB006B4D0E /* PostViewData.swift in Sources */,
				E17754E822EB5EED00FC2126 /* PostViewController.swift in Sources */,
				E17754E422EA536F00FC2126 /* SearchViewController.swift in Sources */,
				E1CE2BC722FA0556006B4D0E /* CompanyViewRow.swift in Sources */,
				E17754DE22EA0E1C00FC2126 /* Validator.swift in Sources */,
				C4079A9522DEC3CC00CA72B5 /* RegisterViewController.swift in Sources */,
				E17754E022EA16C500FC2126 /* DashboardViewController.swift in Sources */,
				C413719D22D9AFBF00EA646B /* LogInViewController.swift in Sources */,
				E17754E622EA764E00FC2126 /* CompanyViewController.swift in Sources */,
				C413719B22D9AFBF00EA646B /* AppDelegate.swift in Sources */,
			);
			runOnlyForDeploymentPostprocessing = 0;
		};
/* End PBXSourcesBuildPhase section */

/* Begin PBXVariantGroup section */
		C413719E22D9AFBF00EA646B /* Main.storyboard */ = {
			isa = PBXVariantGroup;
			children = (
				C413719F22D9AFBF00EA646B /* Base */,
			);
			name = Main.storyboard;
			sourceTree = "<group>";
		};
		C41371A322D9AFC000EA646B /* LaunchScreen.storyboard */ = {
			isa = PBXVariantGroup;
			children = (
				C41371A422D9AFC000EA646B /* Base */,
			);
			name = LaunchScreen.storyboard;
			sourceTree = "<group>";
		};
/* End PBXVariantGroup section */

/* Begin XCBuildConfiguration section */
		C41371A722D9AFC000EA646B /* Debug */ = {
			isa = XCBuildConfiguration;
			buildSettings = {
				ALWAYS_SEARCH_USER_PATHS = NO;
				CLANG_ANALYZER_NONNULL = YES;
				CLANG_ANALYZER_NUMBER_OBJECT_CONVERSION = YES_AGGRESSIVE;
				CLANG_CXX_LANGUAGE_STANDARD = "gnu++14";
				CLANG_CXX_LIBRARY = "libc++";
				CLANG_ENABLE_MODULES = YES;
				CLANG_ENABLE_OBJC_ARC = YES;
				CLANG_ENABLE_OBJC_WEAK = YES;
				CLANG_WARN_BLOCK_CAPTURE_AUTORELEASING = YES;
				CLANG_WARN_BOOL_CONVERSION = YES;
				CLANG_WARN_COMMA = YES;
				CLANG_WARN_CONSTANT_CONVERSION = YES;
				CLANG_WARN_DEPRECATED_OBJC_IMPLEMENTATIONS = YES;
				CLANG_WARN_DIRECT_OBJC_ISA_USAGE = YES_ERROR;
				CLANG_WARN_DOCUMENTATION_COMMENTS = YES;
				CLANG_WARN_EMPTY_BODY = YES;
				CLANG_WARN_ENUM_CONVERSION = YES;
				CLANG_WARN_INFINITE_RECURSION = YES;
				CLANG_WARN_INT_CONVERSION = YES;
				CLANG_WARN_NON_LITERAL_NULL_CONVERSION = YES;
				CLANG_WARN_OBJC_IMPLICIT_RETAIN_SELF = YES;
				CLANG_WARN_OBJC_LITERAL_CONVERSION = YES;
				CLANG_WARN_OBJC_ROOT_CLASS = YES_ERROR;
				CLANG_WARN_RANGE_LOOP_ANALYSIS = YES;
				CLANG_WARN_STRICT_PROTOTYPES = YES;
				CLANG_WARN_SUSPICIOUS_MOVE = YES;
				CLANG_WARN_UNGUARDED_AVAILABILITY = YES_AGGRESSIVE;
				CLANG_WARN_UNREACHABLE_CODE = YES;
				CLANG_WARN__DUPLICATE_METHOD_MATCH = YES;
				CODE_SIGN_IDENTITY = "iPhone Developer";
				COPY_PHASE_STRIP = NO;
				DEBUG_INFORMATION_FORMAT = dwarf;
				ENABLE_STRICT_OBJC_MSGSEND = YES;
				ENABLE_TESTABILITY = YES;
				GCC_C_LANGUAGE_STANDARD = gnu11;
				GCC_DYNAMIC_NO_PIC = NO;
				GCC_NO_COMMON_BLOCKS = YES;
				GCC_OPTIMIZATION_LEVEL = 0;
				GCC_PREPROCESSOR_DEFINITIONS = (
					"DEBUG=1",
					"$(inherited)",
				);
				GCC_WARN_64_TO_32_BIT_CONVERSION = YES;
				GCC_WARN_ABOUT_RETURN_TYPE = YES_ERROR;
				GCC_WARN_UNDECLARED_SELECTOR = YES;
				GCC_WARN_UNINITIALIZED_AUTOS = YES_AGGRESSIVE;
				GCC_WARN_UNUSED_FUNCTION = YES;
				GCC_WARN_UNUSED_VARIABLE = YES;
				IPHONEOS_DEPLOYMENT_TARGET = 12.2;
				MTL_ENABLE_DEBUG_INFO = INCLUDE_SOURCE;
				MTL_FAST_MATH = YES;
				ONLY_ACTIVE_ARCH = YES;
				SDKROOT = iphoneos;
				SWIFT_ACTIVE_COMPILATION_CONDITIONS = DEBUG;
				SWIFT_OPTIMIZATION_LEVEL = "-Onone";
			};
			name = Debug;
		};
		C41371A822D9AFC000EA646B /* Release */ = {
			isa = XCBuildConfiguration;
			buildSettings = {
				ALWAYS_SEARCH_USER_PATHS = NO;
				CLANG_ANALYZER_NONNULL = YES;
				CLANG_ANALYZER_NUMBER_OBJECT_CONVERSION = YES_AGGRESSIVE;
				CLANG_CXX_LANGUAGE_STANDARD = "gnu++14";
				CLANG_CXX_LIBRARY = "libc++";
				CLANG_ENABLE_MODULES = YES;
				CLANG_ENABLE_OBJC_ARC = YES;
				CLANG_ENABLE_OBJC_WEAK = YES;
				CLANG_WARN_BLOCK_CAPTURE_AUTORELEASING = YES;
				CLANG_WARN_BOOL_CONVERSION = YES;
				CLANG_WARN_COMMA = YES;
				CLANG_WARN_CONSTANT_CONVERSION = YES;
				CLANG_WARN_DEPRECATED_OBJC_IMPLEMENTATIONS = YES;
				CLANG_WARN_DIRECT_OBJC_ISA_USAGE = YES_ERROR;
				CLANG_WARN_DOCUMENTATION_COMMENTS = YES;
				CLANG_WARN_EMPTY_BODY = YES;
				CLANG_WARN_ENUM_CONVERSION = YES;
				CLANG_WARN_INFINITE_RECURSION = YES;
				CLANG_WARN_INT_CONVERSION = YES;
				CLANG_WARN_NON_LITERAL_NULL_CONVERSION = YES;
				CLANG_WARN_OBJC_IMPLICIT_RETAIN_SELF = YES;
				CLANG_WARN_OBJC_LITERAL_CONVERSION = YES;
				CLANG_WARN_OBJC_ROOT_CLASS = YES_ERROR;
				CLANG_WARN_RANGE_LOOP_ANALYSIS = YES;
				CLANG_WARN_STRICT_PROTOTYPES = YES;
				CLANG_WARN_SUSPICIOUS_MOVE = YES;
				CLANG_WARN_UNGUARDED_AVAILABILITY = YES_AGGRESSIVE;
				CLANG_WARN_UNREACHABLE_CODE = YES;
				CLANG_WARN__DUPLICATE_METHOD_MATCH = YES;
				CODE_SIGN_IDENTITY = "iPhone Developer";
				COPY_PHASE_STRIP = NO;
				DEBUG_INFORMATION_FORMAT = "dwarf-with-dsym";
				ENABLE_NS_ASSERTIONS = NO;
				ENABLE_STRICT_OBJC_MSGSEND = YES;
				GCC_C_LANGUAGE_STANDARD = gnu11;
				GCC_NO_COMMON_BLOCKS = YES;
				GCC_WARN_64_TO_32_BIT_CONVERSION = YES;
				GCC_WARN_ABOUT_RETURN_TYPE = YES_ERROR;
				GCC_WARN_UNDECLARED_SELECTOR = YES;
				GCC_WARN_UNINITIALIZED_AUTOS = YES_AGGRESSIVE;
				GCC_WARN_UNUSED_FUNCTION = YES;
				GCC_WARN_UNUSED_VARIABLE = YES;
				IPHONEOS_DEPLOYMENT_TARGET = 12.2;
				MTL_ENABLE_DEBUG_INFO = NO;
				MTL_FAST_MATH = YES;
				SDKROOT = iphoneos;
				SWIFT_COMPILATION_MODE = wholemodule;
				SWIFT_OPTIMIZATION_LEVEL = "-O";
				VALIDATE_PRODUCT = YES;
			};
			name = Release;
		};
		C41371AA22D9AFC000EA646B /* Debug */ = {
			isa = XCBuildConfiguration;
			baseConfigurationReference = CBF855A0AF00B1D7927D772A /* Pods-MediaMine.debug.xcconfig */;
			buildSettings = {
				ASSETCATALOG_COMPILER_APPICON_NAME = AppIcon;
				CODE_SIGN_STYLE = Automatic;
				DEVELOPMENT_TEAM = HR6224TK7M;
				INFOPLIST_FILE = "$(SRCROOT)/MediaMine/Supporting Files/Info.plist";
				LD_RUNPATH_SEARCH_PATHS = (
					"$(inherited)",
					"@executable_path/Frameworks",
				);
				PRODUCT_BUNDLE_IDENTIFIER = com.MediaMine.MediaMine;
				PRODUCT_NAME = "$(TARGET_NAME)";
				SWIFT_VERSION = 5.0;
				TARGETED_DEVICE_FAMILY = "1,2";
			};
			name = Debug;
		};
		C41371AB22D9AFC000EA646B /* Release */ = {
			isa = XCBuildConfiguration;
			baseConfigurationReference = 01C1FBFB586289A08DF151FB /* Pods-MediaMine.release.xcconfig */;
			buildSettings = {
				ASSETCATALOG_COMPILER_APPICON_NAME = AppIcon;
				CODE_SIGN_STYLE = Automatic;
				DEVELOPMENT_TEAM = HR6224TK7M;
				INFOPLIST_FILE = "$(SRCROOT)/MediaMine/Supporting Files/Info.plist";
				LD_RUNPATH_SEARCH_PATHS = (
					"$(inherited)",
					"@executable_path/Frameworks",
				);
				PRODUCT_BUNDLE_IDENTIFIER = com.MediaMine.MediaMine;
				PRODUCT_NAME = "$(TARGET_NAME)";
				SWIFT_VERSION = 5.0;
				TARGETED_DEVICE_FAMILY = "1,2";
			};
			name = Release;
		};
/* End XCBuildConfiguration section */

/* Begin XCConfigurationList section */
		C413719222D9AFBF00EA646B /* Build configuration list for PBXProject "MediaMine" */ = {
			isa = XCConfigurationList;
			buildConfigurations = (
				C41371A722D9AFC000EA646B /* Debug */,
				C41371A822D9AFC000EA646B /* Release */,
			);
			defaultConfigurationIsVisible = 0;
			defaultConfigurationName = Release;
		};
		C41371A922D9AFC000EA646B /* Build configuration list for PBXNativeTarget "MediaMine" */ = {
			isa = XCConfigurationList;
			buildConfigurations = (
				C41371AA22D9AFC000EA646B /* Debug */,
				C41371AB22D9AFC000EA646B /* Release */,
			);
			defaultConfigurationIsVisible = 0;
			defaultConfigurationName = Release;
		};
/* End XCConfigurationList section */
	};
	rootObject = C413718F22D9AFBF00EA646B /* Project object */;
}
